# This file is automatically @generated by Poetry 1.8.2 and should not be changed by hand.

[[package]]
name = "pyglet"
version = "2.0.17"
description = "pyglet is a cross-platform games and multimedia package."
optional = false
python-versions = ">=3.8"
files = [
    {file = "pyglet-2.0.17-py3-none-any.whl", hash = "sha256:c881615a5bf14455af36a0915fd9dad0069da904ab5e0ec19b4d6cdfcf1e84c2"},
    {file = "pyglet-2.0.17.tar.gz", hash = "sha256:50c533c1a7cafdccccf43041338ad921ae26866e9871b4f12bf608500632900a"},
]

[metadata]
lock-version = "2.0"
python-versions = "^3.11"
content-hash = "eaaf1b74919307af322acf1672bafd27bf90b96fc5b9386d8a48857da335d94f"
